PODS:
  - YILTableViewManager (1.0.2)

DEPENDENCIES:
  - YILTableViewManager

SPEC REPOS:
  https://github.com/cocoapods/specs.git:
    - YILTableViewManager

SPEC CHECKSUMS:
  YILTableViewManager: 82b93331926af69789d19c8c6bf802b8c68fd973

PODFILE CHECKSUM: 7d1df0c6af4a280c2dcf4c67d77a35b72813fb0c

COCOAPODS: 1.5.3
