PODS:
  - YILTableViewManager (1.0.1)

DEPENDENCIES:
  - YILTableViewManager

SPEC REPOS:
  https://github.com/cocoapods/specs.git:
    - YILTableViewManager

SPEC CHECKSUMS:
  YILTableViewManager: 71c855e5a62f755df99a7e7291a153848838957c

PODFILE CHECKSUM: 7d1df0c6af4a280c2dcf4c67d77a35b72813fb0c

COCOAPODS: 1.5.2
