// !$*UTF8*$!
{
	archiveVersion = 1;
	classes = {
	};
	objectVersion = 50;
	objects = {

/* Begin PBXBuildFile section */
		189E9F2720B7C5330082D8F8 /* AppDelegate.swift in Sources */ = {isa = PBXBuildFile; fileRef = 189E9F2620B7C5330082D8F8 /* AppDelegate.swift */; };
		189E9F2920B7C5330082D8F8 /* ViewController.swift in Sources */ = {isa = PBXBuildFile; fileRef = 189E9F2820B7C5330082D8F8 /* ViewController.swift */; };
		189E9F2C20B7C5330082D8F8 /* Main.storyboard in Resources */ = {isa = PBXBuildFile; fileRef = 189E9F2A20B7C5330082D8F8 /* Main.storyboard */; };
		189E9F2E20B7C5350082D8F8 /* Assets.xcassets in Resources */ = {isa = PBXBuildFile; fileRef = 189E9F2D20B7C5350082D8F8 /* Assets.xcassets */; };
		189E9F3120B7C5350082D8F8 /* LaunchScreen.storyboard in Resources */ = {isa = PBXBuildFile; fileRef = 189E9F2F20B7C5350082D8F8 /* LaunchScreen.storyboard */; };
		189E9F3C20B7C5350082D8F8 /* DemoTests.swift in Sources */ = {isa = PBXBuildFile; fileRef = 189E9F3B20B7C5350082D8F8 /* DemoTests.swift */; };
		189E9F4720B7C5590082D8F8 /* TableViewController.swift in Sources */ = {isa = PBXBuildFile; fileRef = 189E9F4620B7C5590082D8F8 /* TableViewController.swift */; };
		189E9F4D20B7C5660082D8F8 /* TwoTableViewCell.xib in Resources */ = {isa = PBXBuildFile; fileRef = 189E9F4820B7C5650082D8F8 /* TwoTableViewCell.xib */; };
		189E9F4E20B7C5660082D8F8 /* ThreeTableViewCell.xib in Resources */ = {isa = PBXBuildFile; fileRef = 189E9F4920B7C5650082D8F8 /* ThreeTableViewCell.xib */; };
		189E9F4F20B7C5660082D8F8 /* OneTableViewCell.swift in Sources */ = {isa = PBXBuildFile; fileRef = 189E9F4A20B7C5650082D8F8 /* OneTableViewCell.swift */; };
		189E9F5020B7C5660082D8F8 /* ThreeTableViewCell.swift in Sources */ = {isa = PBXBuildFile; fileRef = 189E9F4B20B7C5660082D8F8 /* ThreeTableViewCell.swift */; };
		189E9F5120B7C5660082D8F8 /* TwoTableViewCell.swift in Sources */ = {isa = PBXBuildFile; fileRef = 189E9F4C20B7C5660082D8F8 /* TwoTableViewCell.swift */; };
		189E9F7420B804EA0082D8F8 /* OneTableViewCellTest.swift in Sources */ = {isa = PBXBuildFile; fileRef = 189E9F7320B804EA0082D8F8 /* OneTableViewCellTest.swift */; };
		1DAA754D6E99C358CE7F70A0 /* Pods_Demo.framework in Frameworks */ = {isa = PBXBuildFile; fileRef = 0460228379BA9AB2850EBC3D /* Pods_Demo.framework */; };
/* End PBXBuildFile section */

/* Begin PBXContainerItemProxy section */
		189E9F3820B7C5350082D8F8 /* PBXContainerItemProxy */ = {
			isa = PBXContainerItemProxy;
			containerPortal = 189E9F1B20B7C5320082D8F8 /* Project object */;
			proxyType = 1;
			remoteGlobalIDString = 189E9F2220B7C5330082D8F8;
			remoteInfo = Demo;
		};
/* End PBXContainerItemProxy section */

/* Begin PBXCopyFilesBuildPhase section */
		189E9F6F20B7DF080082D8F8 /* Embed Frameworks */ = {
			isa = PBXCopyFilesBuildPhase;
			buildActionMask = 2147483647;
			dstPath = "";
			dstSubfolderSpec = 10;
			files = (
			);
			name = "Embed Frameworks";
			runOnlyForDeploymentPostprocessing = 0;
		};
/* End PBXCopyFilesBuildPhase section */

/* Begin PBXFileReference section */
		0460228379BA9AB2850EBC3D /* Pods_Demo.framework */ = {isa = PBXFileReference; explicitFileType = wrapper.framework; includeInIndex = 0; path = Pods_Demo.framework; sourceTree = BUILT_PRODUCTS_DIR; };
		189E9F2320B7C5330082D8F8 /* Demo.app */ = {isa = PBXFileReference; explicitFileType = wrapper.application; includeInIndex = 0; path = Demo.app; sourceTree = BUILT_PRODUCTS_DIR; };
		189E9F2620B7C5330082D8F8 /* AppDelegate.swift */ = {isa = PBXFileReference; lastKnownFileType = sourcecode.swift; path = AppDelegate.swift; sourceTree = "<group>"; };
		189E9F2820B7C5330082D8F8 /* ViewController.swift */ = {isa = PBXFileReference; lastKnownFileType = sourcecode.swift; path = ViewController.swift; sourceTree = "<group>"; };
		189E9F2B20B7C5330082D8F8 /* Base */ = {isa = PBXFileReference; lastKnownFileType = file.storyboard; name = Base; path = Base.lproj/Main.storyboard; sourceTree = "<group>"; };
		189E9F2D20B7C5350082D8F8 /* Assets.xcassets */ = {isa = PBXFileReference; lastKnownFileType = folder.assetcatalog; path = Assets.xcassets; sourceTree = "<group>"; };
		189E9F3020B7C5350082D8F8 /* Base */ = {isa = PBXFileReference; lastKnownFileType = file.storyboard; name = Base; path = Base.lproj/LaunchScreen.storyboard; sourceTree = "<group>"; };
		189E9F3220B7C5350082D8F8 /* Info.plist */ = {isa = PBXFileReference; lastKnownFileType = text.plist.xml; path = Info.plist; sourceTree = "<group>"; };
		189E9F3720B7C5350082D8F8 /* DemoTests.xctest */ = {isa = PBXFileReference; explicitFileType = wrapper.cfbundle; includeInIndex = 0; path = DemoTests.xctest; sourceTree = BUILT_PRODUCTS_DIR; };
		189E9F3B20B7C5350082D8F8 /* DemoTests.swift */ = {isa = PBXFileReference; lastKnownFileType = sourcecode.swift; path = DemoTests.swift; sourceTree = "<group>"; };
		189E9F3D20B7C5350082D8F8 /* Info.plist */ = {isa = PBXFileReference; lastKnownFileType = text.plist.xml; path = Info.plist; sourceTree = "<group>"; };
		189E9F4620B7C5590082D8F8 /* TableViewController.swift */ = {isa = PBXFileReference; fileEncoding = 4; lastKnownFileType = sourcecode.swift; path = TableViewController.swift; sourceTree = "<group>"; };
		189E9F4820B7C5650082D8F8 /* TwoTableViewCell.xib */ = {isa = PBXFileReference; fileEncoding = 4; lastKnownFileType = file.xib; path = TwoTableViewCell.xib; sourceTree = "<group>"; };
		189E9F4920B7C5650082D8F8 /* ThreeTableViewCell.xib */ = {isa = PBXFileReference; fileEncoding = 4; lastKnownFileType = file.xib; path = ThreeTableViewCell.xib; sourceTree = "<group>"; };
		189E9F4A20B7C5650082D8F8 /* OneTableViewCell.swift */ = {isa = PBXFileReference; fileEncoding = 4; lastKnownFileType = sourcecode.swift; path = OneTableViewCell.swift; sourceTree = "<group>"; };
		189E9F4B20B7C5660082D8F8 /* ThreeTableViewCell.swift */ = {isa = PBXFileReference; fileEncoding = 4; lastKnownFileType = sourcecode.swift; path = ThreeTableViewCell.swift; sourceTree = "<group>"; };
		189E9F4C20B7C5660082D8F8 /* TwoTableViewCell.swift */ = {isa = PBXFileReference; fileEncoding = 4; lastKnownFileType = sourcecode.swift; path = TwoTableViewCell.swift; sourceTree = "<group>"; };
		189E9F7320B804EA0082D8F8 /* OneTableViewCellTest.swift */ = {isa = PBXFileReference; lastKnownFileType = sourcecode.swift; path = OneTableViewCellTest.swift; sourceTree = "<group>"; };
		7B52F320107BA3D15A3267D8 /* Pods-Demo.debug.xcconfig */ = {isa = PBXFileReference; includeInIndex = 1; lastKnownFileType = text.xcconfig; name = "Pods-Demo.debug.xcconfig"; path = "../Pods/Target Support Files/Pods-Demo/Pods-Demo.debug.xcconfig"; sourceTree = "<group>"; };
		BC79E238FCC6524586E6A568 /* Pods-Demo.release.xcconfig */ = {isa = PBXFileReference; includeInIndex = 1; lastKnownFileType = text.xcconfig; name = "Pods-Demo.release.xcconfig"; path = "../Pods/Target Support Files/Pods-Demo/Pods-Demo.release.xcconfig"; sourceTree = "<group>"; };
/* End PBXFileReference section */

/* Begin PBXFrameworksBuildPhase section */
		189E9F2020B7C5330082D8F8 /* Frameworks */ = {
			isa = PBXFrameworksBuildPhase;
			buildActionMask = 2147483647;
			files = (
				1DAA754D6E99C358CE7F70A0 /* Pods_Demo.framework in Frameworks */,
			);
			runOnlyForDeploymentPostprocessing = 0;
		};
		189E9F3420B7C5350082D8F8 /* Frameworks */ = {
			isa = PBXFrameworksBuildPhase;
			buildActionMask = 2147483647;
			files = (
			);
			runOnlyForDeploymentPostprocessing = 0;
		};
/* End PBXFrameworksBuildPhase section */

/* Begin PBXGroup section */
		189E9F1A20B7C5320082D8F8 = {
			isa = PBXGroup;
			children = (
				189E9F2520B7C5330082D8F8 /* Demo */,
				189E9F3A20B7C5350082D8F8 /* DemoTests */,
				189E9F2420B7C5330082D8F8 /* Products */,
				B6DF3574C2112E31EE639DFA /* Pods */,
				FD59B7CF41986553DFAE25DA /* Frameworks */,
			);
			sourceTree = "<group>";
		};
		189E9F2420B7C5330082D8F8 /* Products */ = {
			isa = PBXGroup;
			children = (
				189E9F2320B7C5330082D8F8 /* Demo.app */,
				189E9F3720B7C5350082D8F8 /* DemoTests.xctest */,
			);
			name = Products;
			sourceTree = "<group>";
		};
		189E9F2520B7C5330082D8F8 /* Demo */ = {
			isa = PBXGroup;
			children = (
				189E9F4A20B7C5650082D8F8 /* OneTableViewCell.swift */,
				189E9F4B20B7C5660082D8F8 /* ThreeTableViewCell.swift */,
				189E9F4920B7C5650082D8F8 /* ThreeTableViewCell.xib */,
				189E9F4C20B7C5660082D8F8 /* TwoTableViewCell.swift */,
				189E9F4820B7C5650082D8F8 /* TwoTableViewCell.xib */,
				189E9F4620B7C5590082D8F8 /* TableViewController.swift */,
				189E9F2620B7C5330082D8F8 /* AppDelegate.swift */,
				189E9F2820B7C5330082D8F8 /* ViewController.swift */,
				189E9F2A20B7C5330082D8F8 /* Main.storyboard */,
				189E9F2D20B7C5350082D8F8 /* Assets.xcassets */,
				189E9F2F20B7C5350082D8F8 /* LaunchScreen.storyboard */,
				189E9F3220B7C5350082D8F8 /* Info.plist */,
			);
			path = Demo;
			sourceTree = "<group>";
		};
		189E9F3A20B7C5350082D8F8 /* DemoTests */ = {
			isa = PBXGroup;
			children = (
				189E9F3B20B7C5350082D8F8 /* DemoTests.swift */,
				189E9F3D20B7C5350082D8F8 /* Info.plist */,
				189E9F7320B804EA0082D8F8 /* OneTableViewCellTest.swift */,
			);
			path = DemoTests;
			sourceTree = "<group>";
		};
		B6DF3574C2112E31EE639DFA /* Pods */ = {
			isa = PBXGroup;
			children = (
				7B52F320107BA3D15A3267D8 /* Pods-Demo.debug.xcconfig */,
				BC79E238FCC6524586E6A568 /* Pods-Demo.release.xcconfig */,
			);
			name = Pods;
			sourceTree = "<group>";
		};
		FD59B7CF41986553DFAE25DA /* Frameworks */ = {
			isa = PBXGroup;
			children = (
				0460228379BA9AB2850EBC3D /* Pods_Demo.framework */,
			);
			name = Frameworks;
			sourceTree = "<group>";
		};
/* End PBXGroup section */

/* Begin PBXNativeTarget section */
		189E9F2220B7C5330082D8F8 /* Demo */ = {
			isa = PBXNativeTarget;
			buildConfigurationList = 189E9F4020B7C5350082D8F8 /* Build configuration list for PBXNativeTarget "Demo" */;
			buildPhases = (
				9408790AEC2B28EB0A573168 /* [CP] Check Pods Manifest.lock */,
				189E9F1F20B7C5330082D8F8 /* Sources */,
				189E9F2020B7C5330082D8F8 /* Frameworks */,
				189E9F2120B7C5330082D8F8 /* Resources */,
				DDA6456960E8842C3DBAF73D /* [CP] Embed Pods Frameworks */,
				189E9F6F20B7DF080082D8F8 /* Embed Frameworks */,
			);
			buildRules = (
			);
			dependencies = (
			);
			name = Demo;
			productName = Demo;
			productReference = 189E9F2320B7C5330082D8F8 /* Demo.app */;
			productType = "com.apple.product-type.application";
		};
		189E9F3620B7C5350082D8F8 /* DemoTests */ = {
			isa = PBXNativeTarget;
			buildConfigurationList = 189E9F4320B7C5350082D8F8 /* Build configuration list for PBXNativeTarget "DemoTests" */;
			buildPhases = (
				189E9F3320B7C5350082D8F8 /* Sources */,
				189E9F3420B7C5350082D8F8 /* Frameworks */,
				189E9F3520B7C5350082D8F8 /* Resources */,
			);
			buildRules = (
			);
			dependencies = (
				189E9F3920B7C5350082D8F8 /* PBXTargetDependency */,
			);
			name = DemoTests;
			productName = DemoTests;
			productReference = 189E9F3720B7C5350082D8F8 /* DemoTests.xctest */;
			productType = "com.apple.product-type.bundle.unit-test";
		};
/* End PBXNativeTarget section */

/* Begin PBXProject section */
		189E9F1B20B7C5320082D8F8 /* Project object */ = {
			isa = PBXProject;
			attributes = {
				LastSwiftUpdateCheck = 0930;
				LastUpgradeCheck = 0930;
				ORGANIZATIONNAME = apple;
				TargetAttributes = {
					189E9F2220B7C5330082D8F8 = {
						CreatedOnToolsVersion = 9.3.1;
					};
					189E9F3620B7C5350082D8F8 = {
						CreatedOnToolsVersion = 9.3.1;
						TestTargetID = 189E9F2220B7C5330082D8F8;
					};
				};
			};
			buildConfigurationList = 189E9F1E20B7C5320082D8F8 /* Build configuration list for PBXProject "Demo" */;
			compatibilityVersion = "Xcode 9.3";
			developmentRegion = en;
			hasScannedForEncodings = 0;
			knownRegions = (
				en,
				Base,
			);
			mainGroup = 189E9F1A20B7C5320082D8F8;
			productRefGroup = 189E9F2420B7C5330082D8F8 /* Products */;
			projectDirPath = "";
			projectRoot = "";
			targets = (
				189E9F2220B7C5330082D8F8 /* Demo */,
				189E9F3620B7C5350082D8F8 /* DemoTests */,
			);
		};
/* End PBXProject section */

/* Begin PBXResourcesBuildPhase section */
		189E9F2120B7C5330082D8F8 /* Resources */ = {
			isa = PBXResourcesBuildPhase;
			buildActionMask = 2147483647;
			files = (
				189E9F4E20B7C5660082D8F8 /* ThreeTableViewCell.xib in Resources */,
				189E9F3120B7C5350082D8F8 /* LaunchScreen.storyboard in Resources */,
				189E9F2E20B7C5350082D8F8 /* Assets.xcassets in Resources */,
				189E9F4D20B7C5660082D8F8 /* TwoTableViewCell.xib in Resources */,
				189E9F2C20B7C5330082D8F8 /* Main.storyboard in Resources */,
			);
			runOnlyForDeploymentPostprocessing = 0;
		};
		189E9F3520B7C5350082D8F8 /* Resources */ = {
			isa = PBXResourcesBuildPhase;
			buildActionMask = 2147483647;
			files = (
			);
			runOnlyForDeploymentPostprocessing = 0;
		};
/* End PBXResourcesBuildPhase section */

/* Begin PBXShellScriptBuildPhase section */
		9408790AEC2B28EB0A573168 /* [CP] Check Pods Manifest.lock */ = {
			isa = PBXShellScriptBuildPhase;
			buildActionMask = 2147483647;
			files = (
			);
			inputPaths = (
				"${PODS_PODFILE_DIR_PATH}/Podfile.lock",
				"${PODS_ROOT}/Manifest.lock",
			);
			name = "[CP] Check Pods Manifest.lock";
			outputPaths = (
				"$(DERIVED_FILE_DIR)/Pods-Demo-checkManifestLockResult.txt",
			);
			runOnlyForDeploymentPostprocessing = 0;
			shellPath = /bin/sh;
			shellScript = "diff \"${PODS_PODFILE_DIR_PATH}/Podfile.lock\" \"${PODS_ROOT}/Manifest.lock\" > /dev/null\nif [ $? != 0 ] ; then\n    # print error to STDERR\n    echo \"error: The sandbox is not in sync with the Podfile.lock. Run 'pod install' or update your CocoaPods installation.\" >&2\n    exit 1\nfi\n# This output is used by Xcode 'outputs' to avoid re-running this script phase.\necho \"SUCCESS\" > \"${SCRIPT_OUTPUT_FILE_0}\"\n";
			showEnvVarsInLog = 0;
		};
		DDA6456960E8842C3DBAF73D /* [CP] Embed Pods Frameworks */ = {
			isa = PBXShellScriptBuildPhase;
			buildActionMask = 2147483647;
			files = (
			);
			inputPaths = (
				"${SRCROOT}/../Pods/Target Support Files/Pods-Demo/Pods-Demo-frameworks.sh",
				"${BUILT_PRODUCTS_DIR}/YILTableViewManager/YILTableViewManager.framework",
			);
			name = "[CP] Embed Pods Frameworks";
			outputPaths = (
				"${TARGET_BUILD_DIR}/${FRAMEWORKS_FOLDER_PATH}/YILTableViewManager.framework",
			);
			runOnlyForDeploymentPostprocessing = 0;
			shellPath = /bin/sh;
			shellScript = "\"${SRCROOT}/../Pods/Target Support Files/Pods-Demo/Pods-Demo-frameworks.sh\"\n";
			showEnvVarsInLog = 0;
		};
/* End PBXShellScriptBuildPhase section */

/* Begin PBXSourcesBuildPhase section */
		189E9F1F20B7C5330082D8F8 /* Sources */ = {
			isa = PBXSourcesBuildPhase;
			buildActionMask = 2147483647;
			files = (
				189E9F5120B7C5660082D8F8 /* TwoTableViewCell.swift in Sources */,
				189E9F5020B7C5660082D8F8 /* ThreeTableViewCell.swift in Sources */,
				189E9F2920B7C5330082D8F8 /* ViewController.swift in Sources */,
				189E9F4720B7C5590082D8F8 /* TableViewController.swift in Sources */,
				189E9F4F20B7C5660082D8F8 /* OneTableViewCell.swift in Sources */,
				189E9F2720B7C5330082D8F8 /* AppDelegate.swift in Sources */,
			);
			runOnlyForDeploymentPostprocessing = 0;
		};
		189E9F3320B7C5350082D8F8 /* Sources */ = {
			isa = PBXSourcesBuildPhase;
			buildActionMask = 2147483647;
			files = (
				189E9F7420B804EA0082D8F8 /* OneTableViewCellTest.swift in Sources */,
				189E9F3C20B7C5350082D8F8 /* DemoTests.swift in Sources */,
			);
			runOnlyForDeploymentPostprocessing = 0;
		};
/* End PBXSourcesBuildPhase section */

/* Begin PBXTargetDependency section */
		189E9F3920B7C5350082D8F8 /* PBXTargetDependency */ = {
			isa = PBXTargetDependency;
			target = 189E9F2220B7C5330082D8F8 /* Demo */;
			targetProxy = 189E9F3820B7C5350082D8F8 /* PBXContainerItemProxy */;
		};
/* End PBXTargetDependency section */

/* Begin PBXVariantGroup section */
		189E9F2A20B7C5330082D8F8 /* Main.storyboard */ = {
			isa = PBXVariantGroup;
			children = (
				189E9F2B20B7C5330082D8F8 /* Base */,
			);
			name = Main.storyboard;
			sourceTree = "<group>";
		};
		189E9F2F20B7C5350082D8F8 /* LaunchScreen.storyboard */ = {
			isa = PBXVariantGroup;
			children = (
				189E9F3020B7C5350082D8F8 /* Base */,
			);
			name = LaunchScreen.storyboard;
			sourceTree = "<group>";
		};
/* End PBXVariantGroup section */

/* Begin XCBuildConfiguration section */
		189E9F3E20B7C5350082D8F8 /* Debug */ = {
			isa = XCBuildConfiguration;
			buildSettings = {
				ALWAYS_SEARCH_USER_PATHS = NO;
				CLANG_ANALYZER_NONNULL = YES;
				CLANG_ANALYZER_NUMBER_OBJECT_CONVERSION = YES_AGGRESSIVE;
				CLANG_CXX_LANGUAGE_STANDARD = "gnu++14";
				CLANG_CXX_LIBRARY = "libc++";
				CLANG_ENABLE_MODULES = YES;
				CLANG_ENABLE_OBJC_ARC = YES;
				CLANG_ENABLE_OBJC_WEAK = YES;
				CLANG_WARN_BLOCK_CAPTURE_AUTORELEASING = YES;
				CLANG_WARN_BOOL_CONVERSION = YES;
				CLANG_WARN_COMMA = YES;
				CLANG_WARN_CONSTANT_CONVERSION = YES;
				CLANG_WARN_DEPRECATED_OBJC_IMPLEMENTATIONS = YES;
				CLANG_WARN_DIRECT_OBJC_ISA_USAGE = YES_ERROR;
				CLANG_WARN_DOCUMENTATION_COMMENTS = YES;
				CLANG_WARN_EMPTY_BODY = YES;
				CLANG_WARN_ENUM_CONVERSION = YES;
				CLANG_WARN_INFINITE_RECURSION = YES;
				CLANG_WARN_INT_CONVERSION = YES;
				CLANG_WARN_NON_LITERAL_NULL_CONVERSION = YES;
				CLANG_WARN_OBJC_IMPLICIT_RETAIN_SELF = YES;
				CLANG_WARN_OBJC_LITERAL_CONVERSION = YES;
				CLANG_WARN_OBJC_ROOT_CLASS = YES_ERROR;
				CLANG_WARN_RANGE_LOOP_ANALYSIS = YES;
				CLANG_WARN_STRICT_PROTOTYPES = YES;
				CLANG_WARN_SUSPICIOUS_MOVE = YES;
				CLANG_WARN_UNGUARDED_AVAILABILITY = YES_AGGRESSIVE;
				CLANG_WARN_UNREACHABLE_CODE = YES;
				CLANG_WARN__DUPLICATE_METHOD_MATCH = YES;
				CODE_SIGN_IDENTITY = "iPhone Developer";
				COPY_PHASE_STRIP = NO;
				DEBUG_INFORMATION_FORMAT = dwarf;
				ENABLE_STRICT_OBJC_MSGSEND = YES;
				ENABLE_TESTABILITY = YES;
				GCC_C_LANGUAGE_STANDARD = gnu11;
				GCC_DYNAMIC_NO_PIC = NO;
				GCC_NO_COMMON_BLOCKS = YES;
				GCC_OPTIMIZATION_LEVEL = 0;
				GCC_PREPROCESSOR_DEFINITIONS = (
					"DEBUG=1",
					"$(inherited)",
				);
				GCC_WARN_64_TO_32_BIT_CONVERSION = YES;
				GCC_WARN_ABOUT_RETURN_TYPE = YES_ERROR;
				GCC_WARN_UNDECLARED_SELECTOR = YES;
				GCC_WARN_UNINITIALIZED_AUTOS = YES_AGGRESSIVE;
				GCC_WARN_UNUSED_FUNCTION = YES;
				GCC_WARN_UNUSED_VARIABLE = YES;
				IPHONEOS_DEPLOYMENT_TARGET = 11.3;
				MTL_ENABLE_DEBUG_INFO = YES;
				ONLY_ACTIVE_ARCH = YES;
				SDKROOT = iphoneos;
				SWIFT_ACTIVE_COMPILATION_CONDITIONS = DEBUG;
				SWIFT_OPTIMIZATION_LEVEL = "-Onone";
			};
			name = Debug;
		};
		189E9F3F20B7C5350082D8F8 /* Release */ = {
			isa = XCBuildConfiguration;
			buildSettings = {
				ALWAYS_SEARCH_USER_PATHS = NO;
				CLANG_ANALYZER_NONNULL = YES;
				CLANG_ANALYZER_NUMBER_OBJECT_CONVERSION = YES_AGGRESSIVE;
				CLANG_CXX_LANGUAGE_STANDARD = "gnu++14";
				CLANG_CXX_LIBRARY = "libc++";
				CLANG_ENABLE_MODULES = YES;
				CLANG_ENABLE_OBJC_ARC = YES;
				CLANG_ENABLE_OBJC_WEAK = YES;
				CLANG_WARN_BLOCK_CAPTURE_AUTORELEASING = YES;
				CLANG_WARN_BOOL_CONVERSION = YES;
				CLANG_WARN_COMMA = YES;
				CLANG_WARN_CONSTANT_CONVERSION = YES;
				CLANG_WARN_DEPRECATED_OBJC_IMPLEMENTATIONS = YES;
				CLANG_WARN_DIRECT_OBJC_ISA_USAGE = YES_ERROR;
				CLANG_WARN_DOCUMENTATION_COMMENTS = YES;
				CLANG_WARN_EMPTY_BODY = YES;
				CLANG_WARN_ENUM_CONVERSION = YES;
				CLANG_WARN_INFINITE_RECURSION = YES;
				CLANG_WARN_INT_CONVERSION = YES;
				CLANG_WARN_NON_LITERAL_NULL_CONVERSION = YES;
				CLANG_WARN_OBJC_IMPLICIT_RETAIN_SELF = YES;
				CLANG_WARN_OBJC_LITERAL_CONVERSION = YES;
				CLANG_WARN_OBJC_ROOT_CLASS = YES_ERROR;
				CLANG_WARN_RANGE_LOOP_ANALYSIS = YES;
				CLANG_WARN_STRICT_PROTOTYPES = YES;
				CLANG_WARN_SUSPICIOUS_MOVE = YES;
				CLANG_WARN_UNGUARDED_AVAILABILITY = YES_AGGRESSIVE;
				CLANG_WARN_UNREACHABLE_CODE = YES;
				CLANG_WARN__DUPLICATE_METHOD_MATCH = YES;
				CODE_SIGN_IDENTITY = "iPhone Developer";
				COPY_PHASE_STRIP = NO;
				DEBUG_INFORMATION_FORMAT = "dwarf-with-dsym";
				ENABLE_NS_ASSERTIONS = NO;
				ENABLE_STRICT_OBJC_MSGSEND = YES;
				GCC_C_LANGUAGE_STANDARD = gnu11;
				GCC_NO_COMMON_BLOCKS = YES;
				GCC_WARN_64_TO_32_BIT_CONVERSION = YES;
				GCC_WARN_ABOUT_RETURN_TYPE = YES_ERROR;
				GCC_WARN_UNDECLARED_SELECTOR = YES;
				GCC_WARN_UNINITIALIZED_AUTOS = YES_AGGRESSIVE;
				GCC_WARN_UNUSED_FUNCTION = YES;
				GCC_WARN_UNUSED_VARIABLE = YES;
				IPHONEOS_DEPLOYMENT_TARGET = 11.3;
				MTL_ENABLE_DEBUG_INFO = NO;
				SDKROOT = iphoneos;
				SWIFT_COMPILATION_MODE = wholemodule;
				SWIFT_OPTIMIZATION_LEVEL = "-O";
				VALIDATE_PRODUCT = YES;
			};
			name = Release;
		};
		189E9F4120B7C5350082D8F8 /* Debug */ = {
			isa = XCBuildConfiguration;
			baseConfigurationReference = 7B52F320107BA3D15A3267D8 /* Pods-Demo.debug.xcconfig */;
			buildSettings = {
				ALWAYS_EMBED_SWIFT_STANDARD_LIBRARIES = NO;
				ASSETCATALOG_COMPILER_APPICON_NAME = AppIcon;
				CODE_SIGN_STYLE = Manual;
				DEVELOPMENT_TEAM = 685DPV4URE;
				INFOPLIST_FILE = Demo/Info.plist;
				IPHONEOS_DEPLOYMENT_TARGET = 9.0;
				LD_RUNPATH_SEARCH_PATHS = (
					"$(inherited)",
					"@executable_path/Frameworks",
				);
				ONLY_ACTIVE_ARCH = YES;
				PRODUCT_BUNDLE_IDENTIFIER = com.bjdv.test;
				PRODUCT_NAME = "$(TARGET_NAME)";
				PROVISIONING_PROFILE = "e0d0d582-f94c-493b-8156-d53702e6d446";
				PROVISIONING_PROFILE_SPECIFIER = com.bjdv.test;
				SWIFT_VERSION = 4.2;
				TARGETED_DEVICE_FAMILY = "1,2";
				VALID_ARCHS = "armv7 armv7s arm64";
			};
			name = Debug;
		};
		189E9F4220B7C5350082D8F8 /* Release */ = {
			isa = XCBuildConfiguration;
			baseConfigurationReference = BC79E238FCC6524586E6A568 /* Pods-Demo.release.xcconfig */;
			buildSettings = {
				ALWAYS_EMBED_SWIFT_STANDARD_LIBRARIES = NO;
				ASSETCATALOG_COMPILER_APPICON_NAME = AppIcon;
				CODE_SIGN_IDENTITY = "iPhone Distribution";
				CODE_SIGN_STYLE = Manual;
				DEVELOPMENT_TEAM = 685DPV4URE;
				INFOPLIST_FILE = Demo/Info.plist;
				IPHONEOS_DEPLOYMENT_TARGET = 9.0;
				LD_RUNPATH_SEARCH_PATHS = (
					"$(inherited)",
					"@executable_path/Frameworks",
				);
				ONLY_ACTIVE_ARCH = NO;
				PRODUCT_BUNDLE_IDENTIFIER = com.bjdv.test;
				PRODUCT_NAME = "$(TARGET_NAME)";
				PROVISIONING_PROFILE = "9c743f6c-05a8-4c51-950b-06f2fa521b0a";
				PROVISIONING_PROFILE_SPECIFIER = "com.bjdv.test(distribution)";
				SWIFT_VERSION = 4.2;
				TARGETED_DEVICE_FAMILY = "1,2";
				VALID_ARCHS = "armv7 armv7s arm64";
			};
			name = Release;
		};
		189E9F4420B7C5350082D8F8 /* Debug */ = {
			isa = XCBuildConfiguration;
			buildSettings = {
				ALWAYS_EMBED_SWIFT_STANDARD_LIBRARIES = NO;
				BUNDLE_LOADER = "$(TEST_HOST)";
				CODE_SIGN_STYLE = Automatic;
				DEVELOPMENT_TEAM = 685DPV4URE;
				INFOPLIST_FILE = DemoTests/Info.plist;
				LD_RUNPATH_SEARCH_PATHS = (
					"$(inherited)",
					"@executable_path/Frameworks",
					"@loader_path/Frameworks",
				);
				PRODUCT_BUNDLE_IDENTIFIER = com.yilia.DemoTests;
				PRODUCT_NAME = "$(TARGET_NAME)";
				SWIFT_VERSION = 4.0;
				TARGETED_DEVICE_FAMILY = "1,2";
				TEST_HOST = "$(BUILT_PRODUCTS_DIR)/Demo.app/Demo";
				VALID_ARCHS = "armv7 armv7s";
			};
			name = Debug;
		};
		189E9F4520B7C5350082D8F8 /* Release */ = {
			isa = XCBuildConfiguration;
			buildSettings = {
				ALWAYS_EMBED_SWIFT_STANDARD_LIBRARIES = NO;
				BUNDLE_LOADER = "$(TEST_HOST)";
				CODE_SIGN_STYLE = Automatic;
				DEVELOPMENT_TEAM = 685DPV4URE;
				INFOPLIST_FILE = DemoTests/Info.plist;
				LD_RUNPATH_SEARCH_PATHS = (
					"$(inherited)",
					"@executable_path/Frameworks",
					"@loader_path/Frameworks",
				);
				PRODUCT_BUNDLE_IDENTIFIER = com.yilia.DemoTests;
				PRODUCT_NAME = "$(TARGET_NAME)";
				SWIFT_VERSION = 4.0;
				TARGETED_DEVICE_FAMILY = "1,2";
				TEST_HOST = "$(BUILT_PRODUCTS_DIR)/Demo.app/Demo";
				VALID_ARCHS = "armv7 armv7s";
			};
			name = Release;
		};
/* End XCBuildConfiguration section */

/* Begin XCConfigurationList section */
		189E9F1E20B7C5320082D8F8 /* Build configuration list for PBXProject "Demo" */ = {
			isa = XCConfigurationList;
			buildConfigurations = (
				189E9F3E20B7C5350082D8F8 /* Debug */,
				189E9F3F20B7C5350082D8F8 /* Release */,
			);
			defaultConfigurationIsVisible = 0;
			defaultConfigurationName = Release;
		};
		189E9F4020B7C5350082D8F8 /* Build configuration list for PBXNativeTarget "Demo" */ = {
			isa = XCConfigurationList;
			buildConfigurations = (
				189E9F4120B7C5350082D8F8 /* Debug */,
				189E9F4220B7C5350082D8F8 /* Release */,
			);
			defaultConfigurationIsVisible = 0;
			defaultConfigurationName = Release;
		};
		189E9F4320B7C5350082D8F8 /* Build configuration list for PBXNativeTarget "DemoTests" */ = {
			isa = XCConfigurationList;
			buildConfigurations = (
				189E9F4420B7C5350082D8F8 /* Debug */,
				189E9F4520B7C5350082D8F8 /* Release */,
			);
			defaultConfigurationIsVisible = 0;
			defaultConfigurationName = Release;
		};
/* End XCConfigurationList section */
	};
	rootObject = 189E9F1B20B7C5320082D8F8 /* Project object */;
}
